
Microsoft Visual Studio Solution File, Format Version 12.00
# Visual Studio Version 16
VisualStudioVersion = 16.0.29905.134
MinimumVisualStudioVersion = 10.0.40219.1
Project("{9A19103F-16F7-4668-BE54-9A1E7A4F7556}") = "Chain of Responsability", "Chain of Responsability\Chain of Responsability.csproj", "{24BBF124-840E-48A5-AADB-AE037E021C3D}"
EndProject
Project("{FAE04EC0-301F-11D3-BF4B-00C04F79EFBC}") = "Strategy", "Strategy\Strategy.csproj", "{1132030A-A25D-45F2-BF2F-B9A0D85E68D2}"
EndProject
Global
	GlobalSection(SolutionConfigurationPlatforms) = preSolution
		Debug|Any CPU = Debug|Any CPU
		Release|Any CPU = Release|Any CPU
	EndGlobalSection
	GlobalSection(ProjectConfigurationPlatforms) = postSolution
		{24BBF124-840E-48A5-AADB-AE037E021C3D}.Debug|Any CPU.ActiveCfg = Debug|Any CPU
		{24BBF124-840E-48A5-AADB-AE037E021C3D}.Debug|Any CPU.Build.0 = Debug|Any CPU
		{24BBF124-840E-48A5-AADB-AE037E021C3D}.Release|Any CPU.ActiveCfg = Release|Any CPU
		{24BBF124-840E-48A5-AADB-AE037E021C3D}.Release|Any CPU.Build.0 = Release|Any CPU
		{1132030A-A25D-45F2-BF2F-B9A0D85E68D2}.Debug|Any CPU.ActiveCfg = Debug|Any CPU
		{1132030A-A25D-45F2-BF2F-B9A0D85E68D2}.Debug|Any CPU.Build.0 = Debug|Any CPU
		{1132030A-A25D-45F2-BF2F-B9A0D85E68D2}.Release|Any CPU.ActiveCfg = Release|Any CPU
		{1132030A-A25D-45F2-BF2F-B9A0D85E68D2}.Release|Any CPU.Build.0 = Release|Any CPU
	EndGlobalSection
	GlobalSection(SolutionProperties) = preSolution
		HideSolutionNode = FALSE
	EndGlobalSection
	GlobalSection(ExtensibilityGlobals) = postSolution
		SolutionGuid = {F6D492F9-EE89-4528-AC09-84DF9C7586F5}
	EndGlobalSection
EndGlobal
